
Microsoft Visual Studio Solution File, Format Version 12.00
# Visual Studio Version 16
VisualStudioVersion = 16.0.29609.76
MinimumVisualStudioVersion = 10.0.40219.1
Project("{9A19103F-16F7-4668-BE54-9A1E7A4F7556}") = "IdentityServer", "IdentityServer\IdentityServer.csproj", "{F2A77124-7B82-44BD-A46D-642CD2F05F6B}"
EndProject
Project("{2150E333-8FDC-42A3-9474-1A3956D46DE8}") = "1. IdentityServer", "1. IdentityServer", "{BC452502-DE19-4BCA-BBFC-AD99EAFB52E8}"
EndProject
Project("{2150E333-8FDC-42A3-9474-1A3956D46DE8}") = "3. Clients", "3. Clients", "{0EF807C2-3D08-4DF3-B841-5A4FC411DE36}"
EndProject
Project("{9A19103F-16F7-4668-BE54-9A1E7A4F7556}") = "WebClient", "WebClient\WebClient.csproj", "{DA8D0DF7-56A3-4CD4-8373-98E780A74562}"
EndProject
Project("{2150E333-8FDC-42A3-9474-1A3956D46DE8}") = "2. Api", "2. Api", "{5362FEA8-53F5-42CD-829A-2F129508B034}"
EndProject
Project("{9A19103F-16F7-4668-BE54-9A1E7A4F7556}") = "AuthApi", "AuthApi\AuthApi.csproj", "{804389D6-F942-48DC-A638-160BFD490514}"
EndProject
Global
	GlobalSection(SolutionConfigurationPlatforms) = preSolution
		Debug|Any CPU = Debug|Any CPU
		Release|Any CPU = Release|Any CPU
	EndGlobalSection
	GlobalSection(ProjectConfigurationPlatforms) = postSolution
		{F2A77124-7B82-44BD-A46D-642CD2F05F6B}.Debug|Any CPU.ActiveCfg = Debug|Any CPU
		{F2A77124-7B82-44BD-A46D-642CD2F05F6B}.Debug|Any CPU.Build.0 = Debug|Any CPU
		{F2A77124-7B82-44BD-A46D-642CD2F05F6B}.Release|Any CPU.ActiveCfg = Release|Any CPU
		{F2A77124-7B82-44BD-A46D-642CD2F05F6B}.Release|Any CPU.Build.0 = Release|Any CPU
		{DA8D0DF7-56A3-4CD4-8373-98E780A74562}.Debug|Any CPU.ActiveCfg = Debug|Any CPU
		{DA8D0DF7-56A3-4CD4-8373-98E780A74562}.Debug|Any CPU.Build.0 = Debug|Any CPU
		{DA8D0DF7-56A3-4CD4-8373-98E780A74562}.Release|Any CPU.ActiveCfg = Release|Any CPU
		{DA8D0DF7-56A3-4CD4-8373-98E780A74562}.Release|Any CPU.Build.0 = Release|Any CPU
		{804389D6-F942-48DC-A638-160BFD490514}.Debug|Any CPU.ActiveCfg = Debug|Any CPU
		{804389D6-F942-48DC-A638-160BFD490514}.Debug|Any CPU.Build.0 = Debug|Any CPU
		{804389D6-F942-48DC-A638-160BFD490514}.Release|Any CPU.ActiveCfg = Release|Any CPU
		{804389D6-F942-48DC-A638-160BFD490514}.Release|Any CPU.Build.0 = Release|Any CPU
	EndGlobalSection
	GlobalSection(SolutionProperties) = preSolution
		HideSolutionNode = FALSE
	EndGlobalSection
	GlobalSection(NestedProjects) = preSolution
		{F2A77124-7B82-44BD-A46D-642CD2F05F6B} = {BC452502-DE19-4BCA-BBFC-AD99EAFB52E8}
		{DA8D0DF7-56A3-4CD4-8373-98E780A74562} = {0EF807C2-3D08-4DF3-B841-5A4FC411DE36}
		{804389D6-F942-48DC-A638-160BFD490514} = {5362FEA8-53F5-42CD-829A-2F129508B034}
	EndGlobalSection
	GlobalSection(ExtensibilityGlobals) = postSolution
		SolutionGuid = {A574B527-2DFC-437E-87D9-FA23ACF1471A}
	EndGlobalSection
EndGlobal
